
Microsoft Visual Studio Solution File, Format Version 11.00
# Visual Studio 2010
Project("{FAE04EC0-301F-11D3-BF4B-00C04F79EFBC}") = "EnslavedSaveEditor", "EnslavedSaveEditor\EnslavedSaveEditor.csproj", "{893EB162-871F-4DD1-886F-46C97968A66D}"
EndProject
Global
	GlobalSection(SolutionConfigurationPlatforms) = preSolution
		Debug|x86 = Debug|x86
		Release|x86 = Release|x86
	EndGlobalSection
	GlobalSection(ProjectConfigurationPlatforms) = postSolution
		{893EB162-871F-4DD1-886F-46C97968A66D}.Debug|x86.ActiveCfg = Debug|x86
		{893EB162-871F-4DD1-886F-46C97968A66D}.Debug|x86.Build.0 = Debug|x86
		{893EB162-871F-4DD1-886F-46C97968A66D}.Release|x86.ActiveCfg = Release|x86
		{893EB162-871F-4DD1-886F-46C97968A66D}.Release|x86.Build.0 = Release|x86
	EndGlobalSection
	GlobalSection(SolutionProperties) = preSolution
		HideSolutionNode = FALSE
	EndGlobalSection
EndGlobal
